// !$*UTF8*$!
{
	archiveVersion = 1;
	classes = {
	};
	objectVersion = 56;
	objects = {

/* Begin PBXBuildFile section */
		480D2B8E2A8DC4DE007A843A /* ScrollViewTest.swift in Sources */ = {isa = PBXBuildFile; fileRef = 480D2B8D2A8DC4DE007A843A /* ScrollViewTest.swift */; };
		480D2B912A8DCD37007A843A /* OnBoardingView.swift in Sources */ = {isa = PBXBuildFile; fileRef = 480D2B902A8DCD37007A843A /* OnBoardingView.swift */; };
		480D2B952A8DD316007A843A /* LayoutOnBoarding.swift in Sources */ = {isa = PBXBuildFile; fileRef = 480D2B942A8DD316007A843A /* LayoutOnBoarding.swift */; };
		480D2B972A8DDA78007A843A /* OnBoarding.swift in Sources */ = {isa = PBXBuildFile; fileRef = 480D2B962A8DDA78007A843A /* OnBoarding.swift */; };
		480D2B992A8DDCDC007A843A /* OnBoardingStore.swift in Sources */ = {isa = PBXBuildFile; fileRef = 480D2B982A8DDCDC007A843A /* OnBoardingStore.swift */; };
		480D2B9D2A8DE501007A843A /* SplashScreenView.swift in Sources */ = {isa = PBXBuildFile; fileRef = 480D2B9C2A8DE500007A843A /* SplashScreenView.swift */; };
		480D2BA02A8DE56A007A843A /* SDWebImageSwiftUI in Frameworks */ = {isa = PBXBuildFile; productRef = 480D2B9F2A8DE56A007A843A /* SDWebImageSwiftUI */; };
		480D2BA22A8DE6F0007A843A /* logo-animation.gif in Resources */ = {isa = PBXBuildFile; fileRef = 480D2BA12A8DE6F0007A843A /* logo-animation.gif */; };
		486B9AFA2A8C6E120034A43A /* Netflix_CloneApp.swift in Sources */ = {isa = PBXBuildFile; fileRef = 486B9AF92A8C6E120034A43A /* Netflix_CloneApp.swift */; };
		486B9AFC2A8C6E120034A43A /* ContentView.swift in Sources */ = {isa = PBXBuildFile; fileRef = 486B9AFB2A8C6E120034A43A /* ContentView.swift */; };
		486B9AFE2A8C6E130034A43A /* Assets.xcassets in Resources */ = {isa = PBXBuildFile; fileRef = 486B9AFD2A8C6E130034A43A /* Assets.xcassets */; };
		486B9B012A8C6E130034A43A /* Preview Assets.xcassets in Resources */ = {isa = PBXBuildFile; fileRef = 486B9B002A8C6E130034A43A /* Preview Assets.xcassets */; };
		486B9B092A8C6F490034A43A /* RootPageView.swift in Sources */ = {isa = PBXBuildFile; fileRef = 486B9B082A8C6F490034A43A /* RootPageView.swift */; };
		486B9B0C2A8C6FFB0034A43A /* Movie.swift in Sources */ = {isa = PBXBuildFile; fileRef = 486B9B0B2A8C6FFB0034A43A /* Movie.swift */; };
		486B9B0F2A8C712D0034A43A /* MovieStore.swift in Sources */ = {isa = PBXBuildFile; fileRef = 486B9B0E2A8C712D0034A43A /* MovieStore.swift */; };
		486B9B122A8C763A0034A43A /* IconButton.swift in Sources */ = {isa = PBXBuildFile; fileRef = 486B9B112A8C763A0034A43A /* IconButton.swift */; };
		486B9B142A8C79E60034A43A /* CustomButton.swift in Sources */ = {isa = PBXBuildFile; fileRef = 486B9B132A8C79E60034A43A /* CustomButton.swift */; };
		486B9B172A8C802E0034A43A /* HomePageView.swift in Sources */ = {isa = PBXBuildFile; fileRef = 486B9B162A8C802E0034A43A /* HomePageView.swift */; };
		486B9B192A8C80800034A43A /* BannerHomePage.swift in Sources */ = {isa = PBXBuildFile; fileRef = 486B9B182A8C80800034A43A /* BannerHomePage.swift */; };
		486B9B1B2A8C80D00034A43A /* SectionHomePage.swift in Sources */ = {isa = PBXBuildFile; fileRef = 486B9B1A2A8C80D00034A43A /* SectionHomePage.swift */; };
		486B9B1E2A8CAADF0034A43A /* DetailMovieView.swift in Sources */ = {isa = PBXBuildFile; fileRef = 486B9B1D2A8CAADF0034A43A /* DetailMovieView.swift */; };
		486B9B232A8CACC00034A43A /* Helper.swift in Sources */ = {isa = PBXBuildFile; fileRef = 486B9B222A8CACC00034A43A /* Helper.swift */; };
		486B9B252A8CB8E30034A43A /* MoreDetailMovie.swift in Sources */ = {isa = PBXBuildFile; fileRef = 486B9B242A8CB8E30034A43A /* MoreDetailMovie.swift */; };
		486B9B272A8CBA6D0034A43A /* HeroDetailMovie.swift in Sources */ = {isa = PBXBuildFile; fileRef = 486B9B262A8CBA6D0034A43A /* HeroDetailMovie.swift */; };
		486B9B292A8CEB370034A43A /* SectionStore.swift in Sources */ = {isa = PBXBuildFile; fileRef = 486B9B282A8CEB370034A43A /* SectionStore.swift */; };
		486B9B2B2A8CEB4F0034A43A /* Section.swift in Sources */ = {isa = PBXBuildFile; fileRef = 486B9B2A2A8CEB4F0034A43A /* Section.swift */; };
/* End PBXBuildFile section */

/* Begin PBXFileReference section */
		480D2B8D2A8DC4DE007A843A /* ScrollViewTest.swift */ = {isa = PBXFileReference; lastKnownFileType = sourcecode.swift; path = ScrollViewTest.swift; sourceTree = "<group>"; };
		480D2B902A8DCD37007A843A /* OnBoardingView.swift */ = {isa = PBXFileReference; lastKnownFileType = sourcecode.swift; path = OnBoardingView.swift; sourceTree = "<group>"; };
		480D2B942A8DD316007A843A /* LayoutOnBoarding.swift */ = {isa = PBXFileReference; lastKnownFileType = sourcecode.swift; path = LayoutOnBoarding.swift; sourceTree = "<group>"; };
		480D2B962A8DDA78007A843A /* OnBoarding.swift */ = {isa = PBXFileReference; lastKnownFileType = sourcecode.swift; path = OnBoarding.swift; sourceTree = "<group>"; };
		480D2B982A8DDCDC007A843A /* OnBoardingStore.swift */ = {isa = PBXFileReference; lastKnownFileType = sourcecode.swift; path = OnBoardingStore.swift; sourceTree = "<group>"; };
		480D2B9C2A8DE500007A843A /* SplashScreenView.swift */ = {isa = PBXFileReference; lastKnownFileType = sourcecode.swift; path = SplashScreenView.swift; sourceTree = "<group>"; };
		480D2BA12A8DE6F0007A843A /* logo-animation.gif */ = {isa = PBXFileReference; lastKnownFileType = image.gif; name = "logo-animation.gif"; path = "../../../../../../Downloads/logo-animation.gif"; sourceTree = "<group>"; };
		486B9AF62A8C6E120034A43A /* Netflix Clone.app */ = {isa = PBXFileReference; explicitFileType = wrapper.application; includeInIndex = 0; path = "Netflix Clone.app"; sourceTree = BUILT_PRODUCTS_DIR; };
		486B9AF92A8C6E120034A43A /* Netflix_CloneApp.swift */ = {isa = PBXFileReference; lastKnownFileType = sourcecode.swift; path = Netflix_CloneApp.swift; sourceTree = "<group>"; };
		486B9AFB2A8C6E120034A43A /* ContentView.swift */ = {isa = PBXFileReference; lastKnownFileType = sourcecode.swift; path = ContentView.swift; sourceTree = "<group>"; };
		486B9AFD2A8C6E130034A43A /* Assets.xcassets */ = {isa = PBXFileReference; lastKnownFileType = folder.assetcatalog; path = Assets.xcassets; sourceTree = "<group>"; };
		486B9B002A8C6E130034A43A /* Preview Assets.xcassets */ = {isa = PBXFileReference; lastKnownFileType = folder.assetcatalog; path = "Preview Assets.xcassets"; sourceTree = "<group>"; };
		486B9B082A8C6F490034A43A /* RootPageView.swift */ = {isa = PBXFileReference; lastKnownFileType = sourcecode.swift; path = RootPageView.swift; sourceTree = "<group>"; };
		486B9B0B2A8C6FFB0034A43A /* Movie.swift */ = {isa = PBXFileReference; lastKnownFileType = sourcecode.swift; path = Movie.swift; sourceTree = "<group>"; };
		486B9B0E2A8C712D0034A43A /* MovieStore.swift */ = {isa = PBXFileReference; lastKnownFileType = sourcecode.swift; path = MovieStore.swift; sourceTree = "<group>"; };
		486B9B112A8C763A0034A43A /* IconButton.swift */ = {isa = PBXFileReference; lastKnownFileType = sourcecode.swift; path = IconButton.swift; sourceTree = "<group>"; };
		486B9B132A8C79E60034A43A /* CustomButton.swift */ = {isa = PBXFileReference; lastKnownFileType = sourcecode.swift; path = CustomButton.swift; sourceTree = "<group>"; };
		486B9B162A8C802E0034A43A /* HomePageView.swift */ = {isa = PBXFileReference; lastKnownFileType = sourcecode.swift; path = HomePageView.swift; sourceTree = "<group>"; };
		486B9B182A8C80800034A43A /* BannerHomePage.swift */ = {isa = PBXFileReference; lastKnownFileType = sourcecode.swift; path = BannerHomePage.swift; sourceTree = "<group>"; };
		486B9B1A2A8C80D00034A43A /* SectionHomePage.swift */ = {isa = PBXFileReference; lastKnownFileType = sourcecode.swift; path = SectionHomePage.swift; sourceTree = "<group>"; };
		486B9B1D2A8CAADF0034A43A /* DetailMovieView.swift */ = {isa = PBXFileReference; lastKnownFileType = sourcecode.swift; path = DetailMovieView.swift; sourceTree = "<group>"; };
		486B9B222A8CACC00034A43A /* Helper.swift */ = {isa = PBXFileReference; lastKnownFileType = sourcecode.swift; path = Helper.swift; sourceTree = "<group>"; };
		486B9B242A8CB8E30034A43A /* MoreDetailMovie.swift */ = {isa = PBXFileReference; lastKnownFileType = sourcecode.swift; path = MoreDetailMovie.swift; sourceTree = "<group>"; };
		486B9B262A8CBA6D0034A43A /* HeroDetailMovie.swift */ = {isa = PBXFileReference; lastKnownFileType = sourcecode.swift; path = HeroDetailMovie.swift; sourceTree = "<group>"; };
		486B9B282A8CEB370034A43A /* SectionStore.swift */ = {isa = PBXFileReference; lastKnownFileType = sourcecode.swift; path = SectionStore.swift; sourceTree = "<group>"; };
		486B9B2A2A8CEB4F0034A43A /* Section.swift */ = {isa = PBXFileReference; lastKnownFileType = sourcecode.swift; path = Section.swift; sourceTree = "<group>"; };
/* End PBXFileReference section */

/* Begin PBXFrameworksBuildPhase section */
		486B9AF32A8C6E120034A43A /* Frameworks */ = {
			isa = PBXFrameworksBuildPhase;
			buildActionMask = 2147483647;
			files = (
				480D2BA02A8DE56A007A843A /* SDWebImageSwiftUI in Frameworks */,
			);
			runOnlyForDeploymentPostprocessing = 0;
		};
/* End PBXFrameworksBuildPhase section */

/* Begin PBXGroup section */
		480D2B8F2A8DCCE4007A843A /* OnBoarding */ = {
			isa = PBXGroup;
			children = (
				480D2B902A8DCD37007A843A /* OnBoardingView.swift */,
				480D2B942A8DD316007A843A /* LayoutOnBoarding.swift */,
			);
			path = OnBoarding;
			sourceTree = "<group>";
		};
		480D2B9A2A8DDE4A007A843A /* Screen */ = {
			isa = PBXGroup;
			children = (
				480D2B9B2A8DE4EE007A843A /* SplashScreen */,
				486B9B072A8C6F370034A43A /* RootPage */,
				480D2B8F2A8DCCE4007A843A /* OnBoarding */,
			);
			path = Screen;
			sourceTree = "<group>";
		};
		480D2B9B2A8DE4EE007A843A /* SplashScreen */ = {
			isa = PBXGroup;
			children = (
				480D2BA12A8DE6F0007A843A /* logo-animation.gif */,
				480D2B9C2A8DE500007A843A /* SplashScreenView.swift */,
			);
			path = SplashScreen;
			sourceTree = "<group>";
		};
		486B9AED2A8C6E110034A43A = {
			isa = PBXGroup;
			children = (
				486B9AF82A8C6E120034A43A /* Netflix Clone */,
				486B9AF72A8C6E120034A43A /* Products */,
			);
			sourceTree = "<group>";
		};
		486B9AF72A8C6E120034A43A /* Products */ = {
			isa = PBXGroup;
			children = (
				486B9AF62A8C6E120034A43A /* Netflix Clone.app */,
			);
			name = Products;
			sourceTree = "<group>";
		};
		486B9AF82A8C6E120034A43A /* Netflix Clone */ = {
			isa = PBXGroup;
			children = (
				480D2B9A2A8DDE4A007A843A /* Screen */,
				486B9B1F2A8CAC8B0034A43A /* Helpers */,
				486B9B102A8C75980034A43A /* Components */,
				486B9B0D2A8C70790034A43A /* Model */,
				486B9B0A2A8C6FE00034A43A /* Data */,
				486B9AF92A8C6E120034A43A /* Netflix_CloneApp.swift */,
				486B9AFB2A8C6E120034A43A /* ContentView.swift */,
				486B9AFD2A8C6E130034A43A /* Assets.xcassets */,
				486B9AFF2A8C6E130034A43A /* Preview Content */,
			);
			path = "Netflix Clone";
			sourceTree = "<group>";
		};
		486B9AFF2A8C6E130034A43A /* Preview Content */ = {
			isa = PBXGroup;
			children = (
				486B9B002A8C6E130034A43A /* Preview Assets.xcassets */,
			);
			path = "Preview Content";
			sourceTree = "<group>";
		};
		486B9B072A8C6F370034A43A /* RootPage */ = {
			isa = PBXGroup;
			children = (
				486B9B152A8C80100034A43A /* HomePage */,
				486B9B082A8C6F490034A43A /* RootPageView.swift */,
			);
			path = RootPage;
			sourceTree = "<group>";
		};
		486B9B0A2A8C6FE00034A43A /* Data */ = {
			isa = PBXGroup;
			children = (
				486B9B0E2A8C712D0034A43A /* MovieStore.swift */,
				486B9B282A8CEB370034A43A /* SectionStore.swift */,
				480D2B982A8DDCDC007A843A /* OnBoardingStore.swift */,
			);
			path = Data;
			sourceTree = "<group>";
		};
		486B9B0D2A8C70790034A43A /* Model */ = {
			isa = PBXGroup;
			children = (
				486B9B0B2A8C6FFB0034A43A /* Movie.swift */,
				486B9B2A2A8CEB4F0034A43A /* Section.swift */,
				480D2B962A8DDA78007A843A /* OnBoarding.swift */,
			);
			path = Model;
			sourceTree = "<group>";
		};
		486B9B102A8C75980034A43A /* Components */ = {
			isa = PBXGroup;
			children = (
				486B9B112A8C763A0034A43A /* IconButton.swift */,
				486B9B132A8C79E60034A43A /* CustomButton.swift */,
			);
			path = Components;
			sourceTree = "<group>";
		};
		486B9B152A8C80100034A43A /* HomePage */ = {
			isa = PBXGroup;
			children = (
				486B9B1C2A8CAA8B0034A43A /* DetailMovie */,
				486B9B162A8C802E0034A43A /* HomePageView.swift */,
				486B9B182A8C80800034A43A /* BannerHomePage.swift */,
				486B9B1A2A8C80D00034A43A /* SectionHomePage.swift */,
				480D2B8D2A8DC4DE007A843A /* ScrollViewTest.swift */,
			);
			path = HomePage;
			sourceTree = "<group>";
		};
		486B9B1C2A8CAA8B0034A43A /* DetailMovie */ = {
			isa = PBXGroup;
			children = (
				486B9B1D2A8CAADF0034A43A /* DetailMovieView.swift */,
				486B9B242A8CB8E30034A43A /* MoreDetailMovie.swift */,
				486B9B262A8CBA6D0034A43A /* HeroDetailMovie.swift */,
			);
			path = DetailMovie;
			sourceTree = "<group>";
		};
		486B9B1F2A8CAC8B0034A43A /* Helpers */ = {
			isa = PBXGroup;
			children = (
				486B9B222A8CACC00034A43A /* Helper.swift */,
			);
			path = Helpers;
			sourceTree = "<group>";
		};
/* End PBXGroup section */

/* Begin PBXNativeTarget section */
		486B9AF52A8C6E120034A43A /* Netflix Clone */ = {
			isa = PBXNativeTarget;
			buildConfigurationList = 486B9B042A8C6E130034A43A /* Build configuration list for PBXNativeTarget "Netflix Clone" */;
			buildPhases = (
				486B9AF22A8C6E120034A43A /* Sources */,
				486B9AF32A8C6E120034A43A /* Frameworks */,
				486B9AF42A8C6E120034A43A /* Resources */,
			);
			buildRules = (
			);
			dependencies = (
			);
			name = "Netflix Clone";
			packageProductDependencies = (
				480D2B9F2A8DE56A007A843A /* SDWebImageSwiftUI */,
			);
			productName = "Netflix Clone";
			productReference = 486B9AF62A8C6E120034A43A /* Netflix Clone.app */;
			productType = "com.apple.product-type.application";
		};
/* End PBXNativeTarget section */

/* Begin PBXProject section */
		486B9AEE2A8C6E120034A43A /* Project object */ = {
			isa = PBXProject;
			attributes = {
				BuildIndependentTargetsInParallel = 1;
				LastSwiftUpdateCheck = 1430;
				LastUpgradeCheck = 1430;
				TargetAttributes = {
					486B9AF52A8C6E120034A43A = {
						CreatedOnToolsVersion = 14.3.1;
					};
				};
			};
			buildConfigurationList = 486B9AF12A8C6E120034A43A /* Build configuration list for PBXProject "Netflix Clone" */;
			compatibilityVersion = "Xcode 14.0";
			developmentRegion = en;
			hasScannedForEncodings = 0;
			knownRegions = (
				en,
				Base,
			);
			mainGroup = 486B9AED2A8C6E110034A43A;
			packageReferences = (
				480D2B9E2A8DE569007A843A /* XCRemoteSwiftPackageReference "SDWebImageSwiftUI" */,
			);
			productRefGroup = 486B9AF72A8C6E120034A43A /* Products */;
			projectDirPath = "";
			projectRoot = "";
			targets = (
				486B9AF52A8C6E120034A43A /* Netflix Clone */,
			);
		};
/* End PBXProject section */

/* Begin PBXResourcesBuildPhase section */
		486B9AF42A8C6E120034A43A /* Resources */ = {
			isa = PBXResourcesBuildPhase;
			buildActionMask = 2147483647;
			files = (
				480D2BA22A8DE6F0007A843A /* logo-animation.gif in Resources */,
				486B9B012A8C6E130034A43A /* Preview Assets.xcassets in Resources */,
				486B9AFE2A8C6E130034A43A /* Assets.xcassets in Resources */,
			);
			runOnlyForDeploymentPostprocessing = 0;
		};
/* End PBXResourcesBuildPhase section */

/* Begin PBXSourcesBuildPhase section */
		486B9AF22A8C6E120034A43A /* Sources */ = {
			isa = PBXSourcesBuildPhase;
			buildActionMask = 2147483647;
			files = (
				486B9B122A8C763A0034A43A /* IconButton.swift in Sources */,
				486B9B0F2A8C712D0034A43A /* MovieStore.swift in Sources */,
				486B9B1E2A8CAADF0034A43A /* DetailMovieView.swift in Sources */,
				486B9AFC2A8C6E120034A43A /* ContentView.swift in Sources */,
				480D2B912A8DCD37007A843A /* OnBoardingView.swift in Sources */,
				486B9B292A8CEB370034A43A /* SectionStore.swift in Sources */,
				486B9B0C2A8C6FFB0034A43A /* Movie.swift in Sources */,
				486B9B192A8C80800034A43A /* BannerHomePage.swift in Sources */,
				480D2B952A8DD316007A843A /* LayoutOnBoarding.swift in Sources */,
				486B9B142A8C79E60034A43A /* CustomButton.swift in Sources */,
				480D2B8E2A8DC4DE007A843A /* ScrollViewTest.swift in Sources */,
				480D2B992A8DDCDC007A843A /* OnBoardingStore.swift in Sources */,
				486B9B272A8CBA6D0034A43A /* HeroDetailMovie.swift in Sources */,
				480D2B972A8DDA78007A843A /* OnBoarding.swift in Sources */,
				486B9B092A8C6F490034A43A /* RootPageView.swift in Sources */,
				480D2B9D2A8DE501007A843A /* SplashScreenView.swift in Sources */,
				486B9B1B2A8C80D00034A43A /* SectionHomePage.swift in Sources */,
				486B9B172A8C802E0034A43A /* HomePageView.swift in Sources */,
				486B9AFA2A8C6E120034A43A /* Netflix_CloneApp.swift in Sources */,
				486B9B2B2A8CEB4F0034A43A /* Section.swift in Sources */,
				486B9B232A8CACC00034A43A /* Helper.swift in Sources */,
				486B9B252A8CB8E30034A43A /* MoreDetailMovie.swift in Sources */,
			);
			runOnlyForDeploymentPostprocessing = 0;
		};
/* End PBXSourcesBuildPhase section */

/* Begin XCBuildConfiguration section */
		486B9B022A8C6E130034A43A /* Debug */ = {
			isa = XCBuildConfiguration;
			buildSettings = {
				ALWAYS_SEARCH_USER_PATHS = NO;
				CLANG_ANALYZER_NONNULL = YES;
				CLANG_ANALYZER_NUMBER_OBJECT_CONVERSION = YES_AGGRESSIVE;
				CLANG_CXX_LANGUAGE_STANDARD = "gnu++20";
				CLANG_ENABLE_MODULES = YES;
				CLANG_ENABLE_OBJC_ARC = YES;
				CLANG_ENABLE_OBJC_WEAK = YES;
				CLANG_WARN_BLOCK_CAPTURE_AUTORELEASING = YES;
				CLANG_WARN_BOOL_CONVERSION = YES;
				CLANG_WARN_COMMA = YES;
				CLANG_WARN_CONSTANT_CONVERSION = YES;
				CLANG_WARN_DEPRECATED_OBJC_IMPLEMENTATIONS = YES;
				CLANG_WARN_DIRECT_OBJC_ISA_USAGE = YES_ERROR;
				CLANG_WARN_DOCUMENTATION_COMMENTS = YES;
				CLANG_WARN_EMPTY_BODY = YES;
				CLANG_WARN_ENUM_CONVERSION = YES;
				CLANG_WARN_INFINITE_RECURSION = YES;
				CLANG_WARN_INT_CONVERSION = YES;
				CLANG_WARN_NON_LITERAL_NULL_CONVERSION = YES;
				CLANG_WARN_OBJC_IMPLICIT_RETAIN_SELF = YES;
				CLANG_WARN_OBJC_LITERAL_CONVERSION = YES;
				CLANG_WARN_OBJC_ROOT_CLASS = YES_ERROR;
				CLANG_WARN_QUOTED_INCLUDE_IN_FRAMEWORK_HEADER = YES;
				CLANG_WARN_RANGE_LOOP_ANALYSIS = YES;
				CLANG_WARN_STRICT_PROTOTYPES = YES;
				CLANG_WARN_SUSPICIOUS_MOVE = YES;
				CLANG_WARN_UNGUARDED_AVAILABILITY = YES_AGGRESSIVE;
				CLANG_WARN_UNREACHABLE_CODE = YES;
				CLANG_WARN__DUPLICATE_METHOD_MATCH = YES;
				COPY_PHASE_STRIP = NO;
				DEBUG_INFORMATION_FORMAT = dwarf;
				ENABLE_STRICT_OBJC_MSGSEND = YES;
				ENABLE_TESTABILITY = YES;
				GCC_C_LANGUAGE_STANDARD = gnu11;
				GCC_DYNAMIC_NO_PIC = NO;
				GCC_NO_COMMON_BLOCKS = YES;
				GCC_OPTIMIZATION_LEVEL = 0;
				GCC_PREPROCESSOR_DEFINITIONS = (
					"DEBUG=1",
					"$(inherited)",
				);
				GCC_WARN_64_TO_32_BIT_CONVERSION = YES;
				GCC_WARN_ABOUT_RETURN_TYPE = YES_ERROR;
				GCC_WARN_UNDECLARED_SELECTOR = YES;
				GCC_WARN_UNINITIALIZED_AUTOS = YES_AGGRESSIVE;
				GCC_WARN_UNUSED_FUNCTION = YES;
				GCC_WARN_UNUSED_VARIABLE = YES;
				IPHONEOS_DEPLOYMENT_TARGET = 16.4;
				MTL_ENABLE_DEBUG_INFO = INCLUDE_SOURCE;
				MTL_FAST_MATH = YES;
				ONLY_ACTIVE_ARCH = YES;
				SDKROOT = iphoneos;
				SWIFT_ACTIVE_COMPILATION_CONDITIONS = DEBUG;
				SWIFT_OPTIMIZATION_LEVEL = "-Onone";
			};
			name = Debug;
		};
		486B9B032A8C6E130034A43A /* Release */ = {
			isa = XCBuildConfiguration;
			buildSettings = {
				ALWAYS_SEARCH_USER_PATHS = NO;
				CLANG_ANALYZER_NONNULL = YES;
				CLANG_ANALYZER_NUMBER_OBJECT_CONVERSION = YES_AGGRESSIVE;
				CLANG_CXX_LANGUAGE_STANDARD = "gnu++20";
				CLANG_ENABLE_MODULES = YES;
				CLANG_ENABLE_OBJC_ARC = YES;
				CLANG_ENABLE_OBJC_WEAK = YES;
				CLANG_WARN_BLOCK_CAPTURE_AUTORELEASING = YES;
				CLANG_WARN_BOOL_CONVERSION = YES;
				CLANG_WARN_COMMA = YES;
				CLANG_WARN_CONSTANT_CONVERSION = YES;
				CLANG_WARN_DEPRECATED_OBJC_IMPLEMENTATIONS = YES;
				CLANG_WARN_DIRECT_OBJC_ISA_USAGE = YES_ERROR;
				CLANG_WARN_DOCUMENTATION_COMMENTS = YES;
				CLANG_WARN_EMPTY_BODY = YES;
				CLANG_WARN_ENUM_CONVERSION = YES;
				CLANG_WARN_INFINITE_RECURSION = YES;
				CLANG_WARN_INT_CONVERSION = YES;
				CLANG_WARN_NON_LITERAL_NULL_CONVERSION = YES;
				CLANG_WARN_OBJC_IMPLICIT_RETAIN_SELF = YES;
				CLANG_WARN_OBJC_LITERAL_CONVERSION = YES;
				CLANG_WARN_OBJC_ROOT_CLASS = YES_ERROR;
				CLANG_WARN_QUOTED_INCLUDE_IN_FRAMEWORK_HEADER = YES;
				CLANG_WARN_RANGE_LOOP_ANALYSIS = YES;
				CLANG_WARN_STRICT_PROTOTYPES = YES;
				CLANG_WARN_SUSPICIOUS_MOVE = YES;
				CLANG_WARN_UNGUARDED_AVAILABILITY = YES_AGGRESSIVE;
				CLANG_WARN_UNREACHABLE_CODE = YES;
				CLANG_WARN__DUPLICATE_METHOD_MATCH = YES;
				COPY_PHASE_STRIP = NO;
				DEBUG_INFORMATION_FORMAT = "dwarf-with-dsym";
				ENABLE_NS_ASSERTIONS = NO;
				ENABLE_STRICT_OBJC_MSGSEND = YES;
				GCC_C_LANGUAGE_STANDARD = gnu11;
				GCC_NO_COMMON_BLOCKS = YES;
				GCC_WARN_64_TO_32_BIT_CONVERSION = YES;
				GCC_WARN_ABOUT_RETURN_TYPE = YES_ERROR;
				GCC_WARN_UNDECLARED_SELECTOR = YES;
				GCC_WARN_UNINITIALIZED_AUTOS = YES_AGGRESSIVE;
				GCC_WARN_UNUSED_FUNCTION = YES;
				GCC_WARN_UNUSED_VARIABLE = YES;
				IPHONEOS_DEPLOYMENT_TARGET = 16.4;
				MTL_ENABLE_DEBUG_INFO = NO;
				MTL_FAST_MATH = YES;
				SDKROOT = iphoneos;
				SWIFT_COMPILATION_MODE = wholemodule;
				SWIFT_OPTIMIZATION_LEVEL = "-O";
				VALIDATE_PRODUCT = YES;
			};
			name = Release;
		};
		486B9B052A8C6E130034A43A /* Debug */ = {
			isa = XCBuildConfiguration;
			buildSettings = {
				ASSETCATALOG_COMPILER_APPICON_NAME = AppIcon;
				ASSETCATALOG_COMPILER_GLOBAL_ACCENT_COLOR_NAME = AccentColor;
				CODE_SIGN_STYLE = Automatic;
				CURRENT_PROJECT_VERSION = 1;
				DEVELOPMENT_ASSET_PATHS = "\"Netflix Clone/Preview Content\"";
				DEVELOPMENT_TEAM = DGVTT9M528;
				ENABLE_PREVIEWS = YES;
				GENERATE_INFOPLIST_FILE = YES;
				INFOPLIST_KEY_UIApplicationSceneManifest_Generation = YES;
				INFOPLIST_KEY_UIApplicationSupportsIndirectInputEvents = YES;
				INFOPLIST_KEY_UILaunchScreen_Generation = YES;
				INFOPLIST_KEY_UISupportedInterfaceOrientations_iPad = "UIInterfaceOrientationPortrait UIInterfaceOrientationPortraitUpsideDown UIInterfaceOrientationLandscapeLeft UIInterfaceOrientationLandscapeRight";
				INFOPLIST_KEY_UISupportedInterfaceOrientations_iPhone = "UIInterfaceOrientationPortrait UIInterfaceOrientationLandscapeLeft UIInterfaceOrientationLandscapeRight";
				LD_RUNPATH_SEARCH_PATHS = (
					"$(inherited)",
					"@executable_path/Frameworks",
				);
				MARKETING_VERSION = 1.0;
				PRODUCT_BUNDLE_IDENTIFIER = "com.adittstudio.Netflix-Clone";
				PRODUCT_NAME = "$(TARGET_NAME)";
				SWIFT_EMIT_LOC_STRINGS = YES;
				SWIFT_VERSION = 5.0;
				TARGETED_DEVICE_FAMILY = "1,2";
			};
			name = Debug;
		};
		486B9B062A8C6E130034A43A /* Release */ = {
			isa = XCBuildConfiguration;
			buildSettings = {
				ASSETCATALOG_COMPILER_APPICON_NAME = AppIcon;
				ASSETCATALOG_COMPILER_GLOBAL_ACCENT_COLOR_NAME = AccentColor;
				CODE_SIGN_STYLE = Automatic;
				CURRENT_PROJECT_VERSION = 1;
				DEVELOPMENT_ASSET_PATHS = "\"Netflix Clone/Preview Content\"";
				DEVELOPMENT_TEAM = DGVTT9M528;
				ENABLE_PREVIEWS = YES;
				GENERATE_INFOPLIST_FILE = YES;
				INFOPLIST_KEY_UIApplicationSceneManifest_Generation = YES;
				INFOPLIST_KEY_UIApplicationSupportsIndirectInputEvents = YES;
				INFOPLIST_KEY_UILaunchScreen_Generation = YES;
				INFOPLIST_KEY_UISupportedInterfaceOrientations_iPad = "UIInterfaceOrientationPortrait UIInterfaceOrientationPortraitUpsideDown UIInterfaceOrientationLandscapeLeft UIInterfaceOrientationLandscapeRight";
				INFOPLIST_KEY_UISupportedInterfaceOrientations_iPhone = "UIInterfaceOrientationPortrait UIInterfaceOrientationLandscapeLeft UIInterfaceOrientationLandscapeRight";
				LD_RUNPATH_SEARCH_PATHS = (
					"$(inherited)",
					"@executable_path/Frameworks",
				);
				MARKETING_VERSION = 1.0;
				PRODUCT_BUNDLE_IDENTIFIER = "com.adittstudio.Netflix-Clone";
				PRODUCT_NAME = "$(TARGET_NAME)";
				SWIFT_EMIT_LOC_STRINGS = YES;
				SWIFT_VERSION = 5.0;
				TARGETED_DEVICE_FAMILY = "1,2";
			};
			name = Release;
		};
/* End XCBuildConfiguration section */

/* Begin XCConfigurationList section */
		486B9AF12A8C6E120034A43A /* Build configuration list for PBXProject "Netflix Clone" */ = {
			isa = XCConfigurationList;
			buildConfigurations = (
				486B9B022A8C6E130034A43A /* Debug */,
				486B9B032A8C6E130034A43A /* Release */,
			);
			defaultConfigurationIsVisible = 0;
			defaultConfigurationName = Release;
		};
		486B9B042A8C6E130034A43A /* Build configuration list for PBXNativeTarget "Netflix Clone" */ = {
			isa = XCConfigurationList;
			buildConfigurations = (
				486B9B052A8C6E130034A43A /* Debug */,
				486B9B062A8C6E130034A43A /* Release */,
			);
			defaultConfigurationIsVisible = 0;
			defaultConfigurationName = Release;
		};
/* End XCConfigurationList section */

/* Begin XCRemoteSwiftPackageReference section */
		480D2B9E2A8DE569007A843A /* XCRemoteSwiftPackageReference "SDWebImageSwiftUI" */ = {
			isa = XCRemoteSwiftPackageReference;
			repositoryURL = "https://github.com/SDWebImage/SDWebImageSwiftUI";
			requirement = {
				kind = upToNextMajorVersion;
				minimumVersion = 2.0.0;
			};
		};
/* End XCRemoteSwiftPackageReference section */

/* Begin XCSwiftPackageProductDependency section */
		480D2B9F2A8DE56A007A843A /* SDWebImageSwiftUI */ = {
			isa = XCSwiftPackageProductDependency;
			package = 480D2B9E2A8DE569007A843A /* XCRemoteSwiftPackageReference "SDWebImageSwiftUI" */;
			productName = SDWebImageSwiftUI;
		};
/* End XCSwiftPackageProductDependency section */
	};
	rootObject = 486B9AEE2A8C6E120034A43A /* Project object */;
}
